// !$*UTF8*$!
{
	archiveVersion = 1;
	classes = {
	};
	objectVersion = 46;
	objects = {

/* Begin PBXBuildFile section */
		13B009547C56AAF957117595 /* Pods_BrainTeaser.framework in Frameworks */ = {isa = PBXBuildFile; fileRef = 406A763B08F8CD19C9E6C618 /* Pods_BrainTeaser.framework */; };
		8C6033C71D3AF93F00E42030 /* CostumTextField.swift in Sources */ = {isa = PBXBuildFile; fileRef = 8C6033C61D3AF93F00E42030 /* CostumTextField.swift */; };
		8C6033C91D3AFBB000E42030 /* CostumButton.swift in Sources */ = {isa = PBXBuildFile; fileRef = 8C6033C81D3AFBB000E42030 /* CostumButton.swift */; };
		8C6033CC1D3B03D700E42030 /* AnimationEngine.swift in Sources */ = {isa = PBXBuildFile; fileRef = 8C6033CB1D3B03D700E42030 /* AnimationEngine.swift */; };
		8C6033CE1D3B0F9400E42030 /* GameVC.swift in Sources */ = {isa = PBXBuildFile; fileRef = 8C6033CD1D3B0F9400E42030 /* GameVC.swift */; };
		8C6033D11D3B16E500E42030 /* Card.swift in Sources */ = {isa = PBXBuildFile; fileRef = 8C6033D01D3B16E500E42030 /* Card.swift */; };
		8C6033D31D3B170D00E42030 /* Card.xib in Resources */ = {isa = PBXBuildFile; fileRef = 8C6033D21D3B170D00E42030 /* Card.xib */; };
		8C7416C01D3D939C00DD15D7 /* ScoreVC.swift in Sources */ = {isa = PBXBuildFile; fileRef = 8C7416BF1D3D939C00DD15D7 /* ScoreVC.swift */; };
		8CBA3E5E1D380117003BECCF /* AppDelegate.swift in Sources */ = {isa = PBXBuildFile; fileRef = 8CBA3E5D1D380117003BECCF /* AppDelegate.swift */; };
		8CBA3E601D380117003BECCF /* LoginVC.swift in Sources */ = {isa = PBXBuildFile; fileRef = 8CBA3E5F1D380117003BECCF /* LoginVC.swift */; };
		8CBA3E631D380117003BECCF /* Main.storyboard in Resources */ = {isa = PBXBuildFile; fileRef = 8CBA3E611D380117003BECCF /* Main.storyboard */; };
		8CBA3E651D380117003BECCF /* Assets.xcassets in Resources */ = {isa = PBXBuildFile; fileRef = 8CBA3E641D380117003BECCF /* Assets.xcassets */; };
		8CBA3E681D380117003BECCF /* LaunchScreen.storyboard in Resources */ = {isa = PBXBuildFile; fileRef = 8CBA3E661D380117003BECCF /* LaunchScreen.storyboard */; };
/* End PBXBuildFile section */

/* Begin PBXFileReference section */
		406A763B08F8CD19C9E6C618 /* Pods_BrainTeaser.framework */ = {isa = PBXFileReference; explicitFileType = wrapper.framework; includeInIndex = 0; path = Pods_BrainTeaser.framework; sourceTree = BUILT_PRODUCTS_DIR; };
		6BDB67A7A3D8FE4A8B7999EA /* Pods-BrainTeaser.debug.xcconfig */ = {isa = PBXFileReference; includeInIndex = 1; lastKnownFileType = text.xcconfig; name = "Pods-BrainTeaser.debug.xcconfig"; path = "Pods/Target Support Files/Pods-BrainTeaser/Pods-BrainTeaser.debug.xcconfig"; sourceTree = "<group>"; };
		8C1F86D11D38020D0066EB81 /* BrainTeaser-Bridging-Header.h */ = {isa = PBXFileReference; lastKnownFileType = sourcecode.c.h; path = "BrainTeaser-Bridging-Header.h"; sourceTree = "<group>"; };
		8C6033C61D3AF93F00E42030 /* CostumTextField.swift */ = {isa = PBXFileReference; fileEncoding = 4; lastKnownFileType = sourcecode.swift; path = CostumTextField.swift; sourceTree = "<group>"; };
		8C6033C81D3AFBB000E42030 /* CostumButton.swift */ = {isa = PBXFileReference; fileEncoding = 4; lastKnownFileType = sourcecode.swift; path = CostumButton.swift; sourceTree = "<group>"; };
		8C6033CB1D3B03D700E42030 /* AnimationEngine.swift */ = {isa = PBXFileReference; fileEncoding = 4; lastKnownFileType = sourcecode.swift; path = AnimationEngine.swift; sourceTree = "<group>"; };
		8C6033CD1D3B0F9400E42030 /* GameVC.swift */ = {isa = PBXFileReference; fileEncoding = 4; lastKnownFileType = sourcecode.swift; path = GameVC.swift; sourceTree = "<group>"; };
		8C6033D01D3B16E500E42030 /* Card.swift */ = {isa = PBXFileReference; fileEncoding = 4; lastKnownFileType = sourcecode.swift; path = Card.swift; sourceTree = "<group>"; };
		8C6033D21D3B170D00E42030 /* Card.xib */ = {isa = PBXFileReference; fileEncoding = 4; lastKnownFileType = file.xib; path = Card.xib; sourceTree = "<group>"; };
		8C7416BF1D3D939C00DD15D7 /* ScoreVC.swift */ = {isa = PBXFileReference; fileEncoding = 4; lastKnownFileType = sourcecode.swift; path = ScoreVC.swift; sourceTree = "<group>"; };
		8CBA3E5A1D380117003BECCF /* BrainTeaser.app */ = {isa = PBXFileReference; explicitFileType = wrapper.application; includeInIndex = 0; path = BrainTeaser.app; sourceTree = BUILT_PRODUCTS_DIR; };
		8CBA3E5D1D380117003BECCF /* AppDelegate.swift */ = {isa = PBXFileReference; lastKnownFileType = sourcecode.swift; path = AppDelegate.swift; sourceTree = "<group>"; };
		8CBA3E5F1D380117003BECCF /* LoginVC.swift */ = {isa = PBXFileReference; lastKnownFileType = sourcecode.swift; path = LoginVC.swift; sourceTree = "<group>"; };
		8CBA3E621D380117003BECCF /* Base */ = {isa = PBXFileReference; lastKnownFileType = file.storyboard; name = Base; path = Base.lproj/Main.storyboard; sourceTree = "<group>"; };
		8CBA3E641D380117003BECCF /* Assets.xcassets */ = {isa = PBXFileReference; lastKnownFileType = folder.assetcatalog; path = Assets.xcassets; sourceTree = "<group>"; };
		8CBA3E671D380117003BECCF /* Base */ = {isa = PBXFileReference; lastKnownFileType = file.storyboard; name = Base; path = Base.lproj/LaunchScreen.storyboard; sourceTree = "<group>"; };
		8CBA3E691D380117003BECCF /* Info.plist */ = {isa = PBXFileReference; lastKnownFileType = text.plist.xml; path = Info.plist; sourceTree = "<group>"; };
		CEE975D946C990711FF6F64C /* Pods-BrainTeaser.release.xcconfig */ = {isa = PBXFileReference; includeInIndex = 1; lastKnownFileType = text.xcconfig; name = "Pods-BrainTeaser.release.xcconfig"; path = "Pods/Target Support Files/Pods-BrainTeaser/Pods-BrainTeaser.release.xcconfig"; sourceTree = "<group>"; };
/* End PBXFileReference section */

/* Begin PBXFrameworksBuildPhase section */
		8CBA3E571D380117003BECCF /* Frameworks */ = {
			isa = PBXFrameworksBuildPhase;
			buildActionMask = 2147483647;
			files = (
				13B009547C56AAF957117595 /* Pods_BrainTeaser.framework in Frameworks */,
			);
			runOnlyForDeploymentPostprocessing = 0;
		};
/* End PBXFrameworksBuildPhase section */

/* Begin PBXGroup section */
		0E2904D2C3B1DE907A4CB2B7 /* Pods */ = {
			isa = PBXGroup;
			children = (
				6BDB67A7A3D8FE4A8B7999EA /* Pods-BrainTeaser.debug.xcconfig */,
				CEE975D946C990711FF6F64C /* Pods-BrainTeaser.release.xcconfig */,
			);
			name = Pods;
			sourceTree = "<group>";
		};
		898F2F1946E97B62FE134D84 /* Frameworks */ = {
			isa = PBXGroup;
			children = (
				406A763B08F8CD19C9E6C618 /* Pods_BrainTeaser.framework */,
			);
			name = Frameworks;
			sourceTree = "<group>";
		};
		8C6033C41D3AF92400E42030 /* View */ = {
			isa = PBXGroup;
			children = (
				8C6033C61D3AF93F00E42030 /* CostumTextField.swift */,
				8C6033C81D3AFBB000E42030 /* CostumButton.swift */,
				8C6033D01D3B16E500E42030 /* Card.swift */,
				8C6033D21D3B170D00E42030 /* Card.xib */,
			);
			name = View;
			sourceTree = "<group>";
		};
		8C6033C51D3AF92B00E42030 /* Controller */ = {
			isa = PBXGroup;
			children = (
				8CBA3E5F1D380117003BECCF /* LoginVC.swift */,
				8C6033CD1D3B0F9400E42030 /* GameVC.swift */,
				8C7416BF1D3D939C00DD15D7 /* ScoreVC.swift */,
			);
			name = Controller;
			sourceTree = "<group>";
		};
		8C6033CA1D3B03B400E42030 /* Util */ = {
			isa = PBXGroup;
			children = (
				8C6033CB1D3B03D700E42030 /* AnimationEngine.swift */,
			);
			name = Util;
			sourceTree = "<group>";
		};
		8CBA3E511D380117003BECCF = {
			isa = PBXGroup;
			children = (
				8CBA3E5C1D380117003BECCF /* BrainTeaser */,
				8CBA3E5B1D380117003BECCF /* Products */,
				0E2904D2C3B1DE907A4CB2B7 /* Pods */,
				898F2F1946E97B62FE134D84 /* Frameworks */,
			);
			sourceTree = "<group>";
		};
		8CBA3E5B1D380117003BECCF /* Products */ = {
			isa = PBXGroup;
			children = (
				8CBA3E5A1D380117003BECCF /* BrainTeaser.app */,
			);
			name = Products;
			sourceTree = "<group>";
		};
		8CBA3E5C1D380117003BECCF /* BrainTeaser */ = {
			isa = PBXGroup;
			children = (
				8C6033CA1D3B03B400E42030 /* Util */,
				8C6033C51D3AF92B00E42030 /* Controller */,
				8C6033C41D3AF92400E42030 /* View */,
				8CBA3E5D1D380117003BECCF /* AppDelegate.swift */,
				8CBA3E611D380117003BECCF /* Main.storyboard */,
				8CBA3E641D380117003BECCF /* Assets.xcassets */,
				8CBA3E661D380117003BECCF /* LaunchScreen.storyboard */,
				8CBA3E691D380117003BECCF /* Info.plist */,
				8C1F86D11D38020D0066EB81 /* BrainTeaser-Bridging-Header.h */,
			);
			path = BrainTeaser;
			sourceTree = "<group>";
		};
/* End PBXGroup section */

/* Begin PBXNativeTarget section */
		8CBA3E591D380117003BECCF /* BrainTeaser */ = {
			isa = PBXNativeTarget;
			buildConfigurationList = 8CBA3E6C1D380117003BECCF /* Build configuration list for PBXNativeTarget "BrainTeaser" */;
			buildPhases = (
				2B96CFF73D9DC1DCBDDE6FD3 /* [CP] Check Pods Manifest.lock */,
				8CBA3E561D380117003BECCF /* Sources */,
				8CBA3E571D380117003BECCF /* Frameworks */,
				8CBA3E581D380117003BECCF /* Resources */,
				7A1BBF25F4DEAB5F7D238DEF /* [CP] Embed Pods Frameworks */,
				AD845B7B893F1BC6EF296B92 /* [CP] Copy Pods Resources */,
			);
			buildRules = (
			);
			dependencies = (
			);
			name = BrainTeaser;
			productName = BrainTeaser;
			productReference = 8CBA3E5A1D380117003BECCF /* BrainTeaser.app */;
			productType = "com.apple.product-type.application";
		};
/* End PBXNativeTarget section */

/* Begin PBXProject section */
		8CBA3E521D380117003BECCF /* Project object */ = {
			isa = PBXProject;
			attributes = {
				LastSwiftUpdateCheck = 0730;
				LastUpgradeCheck = 0730;
				ORGANIZATIONNAME = Meghdad;
				TargetAttributes = {
					8CBA3E591D380117003BECCF = {
						CreatedOnToolsVersion = 7.3.1;
						DevelopmentTeam = 82PFY46469;
					};
				};
			};
			buildConfigurationList = 8CBA3E551D380117003BECCF /* Build configuration list for PBXProject "BrainTeaser" */;
			compatibilityVersion = "Xcode 3.2";
			developmentRegion = English;
			hasScannedForEncodings = 0;
			knownRegions = (
				en,
				Base,
			);
			mainGroup = 8CBA3E511D380117003BECCF;
			productRefGroup = 8CBA3E5B1D380117003BECCF /* Products */;
			projectDirPath = "";
			projectRoot = "";
			targets = (
				8CBA3E591D380117003BECCF /* BrainTeaser */,
			);
		};
/* End PBXProject section */

/* Begin PBXResourcesBuildPhase section */
		8CBA3E581D380117003BECCF /* Resources */ = {
			isa = PBXResourcesBuildPhase;
			buildActionMask = 2147483647;
			files = (
				8CBA3E681D380117003BECCF /* LaunchScreen.storyboard in Resources */,
				8CBA3E651D380117003BECCF /* Assets.xcassets in Resources */,
				8CBA3E631D380117003BECCF /* Main.storyboard in Resources */,
				8C6033D31D3B170D00E42030 /* Card.xib in Resources */,
			);
			runOnlyForDeploymentPostprocessing = 0;
		};
/* End PBXResourcesBuildPhase section */

/* Begin PBXShellScriptBuildPhase section */
		2B96CFF73D9DC1DCBDDE6FD3 /* [CP] Check Pods Manifest.lock */ = {
			isa = PBXShellScriptBuildPhase;
			buildActionMask = 2147483647;
			files = (
			);
			inputPaths = (
			);
			name = "[CP] Check Pods Manifest.lock";
			outputPaths = (
			);
			runOnlyForDeploymentPostprocessing = 0;
			shellPath = /bin/sh;
			shellScript = "diff \"${PODS_ROOT}/../Podfile.lock\" \"${PODS_ROOT}/Manifest.lock\" > /dev/null\nif [[ $? != 0 ]] ; then\n    cat << EOM\nerror: The sandbox is not in sync with the Podfile.lock. Run 'pod install' or update your CocoaPods installation.\nEOM\n    exit 1\nfi\n";
			showEnvVarsInLog = 0;
		};
		7A1BBF25F4DEAB5F7D238DEF /* [CP] Embed Pods Frameworks */ = {
			isa = PBXShellScriptBuildPhase;
			buildActionMask = 2147483647;
			files = (
			);
			inputPaths = (
			);
			name = "[CP] Embed Pods Frameworks";
			outputPaths = (
			);
			runOnlyForDeploymentPostprocessing = 0;
			shellPath = /bin/sh;
			shellScript = "\"${SRCROOT}/Pods/Target Support Files/Pods-BrainTeaser/Pods-BrainTeaser-frameworks.sh\"\n";
			showEnvVarsInLog = 0;
		};
		AD845B7B893F1BC6EF296B92 /* [CP] Copy Pods Resources */ = {
			isa = PBXShellScriptBuildPhase;
			buildActionMask = 2147483647;
			files = (
			);
			inputPaths = (
			);
			name = "[CP] Copy Pods Resources";
			outputPaths = (
			);
			runOnlyForDeploymentPostprocessing = 0;
			shellPath = /bin/sh;
			shellScript = "\"${SRCROOT}/Pods/Target Support Files/Pods-BrainTeaser/Pods-BrainTeaser-resources.sh\"\n";
			showEnvVarsInLog = 0;
		};
/* End PBXShellScriptBuildPhase section */

/* Begin PBXSourcesBuildPhase section */
		8CBA3E561D380117003BECCF /* Sources */ = {
			isa = PBXSourcesBuildPhase;
			buildActionMask = 2147483647;
			files = (
				8C6033C91D3AFBB000E42030 /* CostumButton.swift in Sources */,
				8CBA3E601D380117003BECCF /* LoginVC.swift in Sources */,
				8C6033D11D3B16E500E42030 /* Card.swift in Sources */,
				8CBA3E5E1D380117003BECCF /* AppDelegate.swift in Sources */,
				8C6033CC1D3B03D700E42030 /* AnimationEngine.swift in Sources */,
				8C7416C01D3D939C00DD15D7 /* ScoreVC.swift in Sources */,
				8C6033CE1D3B0F9400E42030 /* GameVC.swift in Sources */,
				8C6033C71D3AF93F00E42030 /* CostumTextField.swift in Sources */,
			);
			runOnlyForDeploymentPostprocessing = 0;
		};
/* End PBXSourcesBuildPhase section */

/* Begin PBXVariantGroup section */
		8CBA3E611D380117003BECCF /* Main.storyboard */ = {
			isa = PBXVariantGroup;
			children = (
				8CBA3E621D380117003BECCF /* Base */,
			);
			name = Main.storyboard;
			sourceTree = "<group>";
		};
		8CBA3E661D380117003BECCF /* LaunchScreen.storyboard */ = {
			isa = PBXVariantGroup;
			children = (
				8CBA3E671D380117003BECCF /* Base */,
			);
			name = LaunchScreen.storyboard;
			sourceTree = "<group>";
		};
/* End PBXVariantGroup section */

/* Begin XCBuildConfiguration section */
		8CBA3E6A1D380117003BECCF /* Debug */ = {
			isa = XCBuildConfiguration;
			buildSettings = {
				ALWAYS_SEARCH_USER_PATHS = NO;
				CLANG_ANALYZER_NONNULL = YES;
				CLANG_CXX_LANGUAGE_STANDARD = "gnu++0x";
				CLANG_CXX_LIBRARY = "libc++";
				CLANG_ENABLE_MODULES = YES;
				CLANG_ENABLE_OBJC_ARC = YES;
				CLANG_WARN_BOOL_CONVERSION = YES;
				CLANG_WARN_CONSTANT_CONVERSION = YES;
				CLANG_WARN_DIRECT_OBJC_ISA_USAGE = YES_ERROR;
				CLANG_WARN_EMPTY_BODY = YES;
				CLANG_WARN_ENUM_CONVERSION = YES;
				CLANG_WARN_INT_CONVERSION = YES;
				CLANG_WARN_OBJC_ROOT_CLASS = YES_ERROR;
				CLANG_WARN_UNREACHABLE_CODE = YES;
				CLANG_WARN__DUPLICATE_METHOD_MATCH = YES;
				"CODE_SIGN_IDENTITY[sdk=iphoneos*]" = "iPhone Developer";
				COPY_PHASE_STRIP = NO;
				DEBUG_INFORMATION_FORMAT = dwarf;
				ENABLE_STRICT_OBJC_MSGSEND = YES;
				ENABLE_TESTABILITY = YES;
				GCC_C_LANGUAGE_STANDARD = gnu99;
				GCC_DYNAMIC_NO_PIC = NO;
				GCC_NO_COMMON_BLOCKS = YES;
				GCC_OPTIMIZATION_LEVEL = 0;
				GCC_PREPROCESSOR_DEFINITIONS = (
					"DEBUG=1",
					"$(inherited)",
				);
				GCC_WARN_64_TO_32_BIT_CONVERSION = YES;
				GCC_WARN_ABOUT_RETURN_TYPE = YES_ERROR;
				GCC_WARN_UNDECLARED_SELECTOR = YES;
				GCC_WARN_UNINITIALIZED_AUTOS = YES_AGGRESSIVE;
				GCC_WARN_UNUSED_FUNCTION = YES;
				GCC_WARN_UNUSED_VARIABLE = YES;
				IPHONEOS_DEPLOYMENT_TARGET = 9.3;
				MTL_ENABLE_DEBUG_INFO = YES;
				ONLY_ACTIVE_ARCH = YES;
				SDKROOT = iphoneos;
				SWIFT_OPTIMIZATION_LEVEL = "-Onone";
				TARGETED_DEVICE_FAMILY = "1,2";
			};
			name = Debug;
		};
		8CBA3E6B1D380117003BECCF /* Release */ = {
			isa = XCBuildConfiguration;
			buildSettings = {
				ALWAYS_SEARCH_USER_PATHS = NO;
				CLANG_ANALYZER_NONNULL = YES;
				CLANG_CXX_LANGUAGE_STANDARD = "gnu++0x";
				CLANG_CXX_LIBRARY = "libc++";
				CLANG_ENABLE_MODULES = YES;
				CLANG_ENABLE_OBJC_ARC = YES;
				CLANG_WARN_BOOL_CONVERSION = YES;
				CLANG_WARN_CONSTANT_CONVERSION = YES;
				CLANG_WARN_DIRECT_OBJC_ISA_USAGE = YES_ERROR;
				CLANG_WARN_EMPTY_BODY = YES;
				CLANG_WARN_ENUM_CONVERSION = YES;
				CLANG_WARN_INT_CONVERSION = YES;
				CLANG_WARN_OBJC_ROOT_CLASS = YES_ERROR;
				CLANG_WARN_UNREACHABLE_CODE = YES;
				CLANG_WARN__DUPLICATE_METHOD_MATCH = YES;
				"CODE_SIGN_IDENTITY[sdk=iphoneos*]" = "iPhone Developer";
				COPY_PHASE_STRIP = NO;
				DEBUG_INFORMATION_FORMAT = "dwarf-with-dsym";
				ENABLE_NS_ASSERTIONS = NO;
				ENABLE_STRICT_OBJC_MSGSEND = YES;
				GCC_C_LANGUAGE_STANDARD = gnu99;
				GCC_NO_COMMON_BLOCKS = YES;
				GCC_WARN_64_TO_32_BIT_CONVERSION = YES;
				GCC_WARN_ABOUT_RETURN_TYPE = YES_ERROR;
				GCC_WARN_UNDECLARED_SELECTOR = YES;
				GCC_WARN_UNINITIALIZED_AUTOS = YES_AGGRESSIVE;
				GCC_WARN_UNUSED_FUNCTION = YES;
				GCC_WARN_UNUSED_VARIABLE = YES;
				IPHONEOS_DEPLOYMENT_TARGET = 9.3;
				MTL_ENABLE_DEBUG_INFO = NO;
				SDKROOT = iphoneos;
				TARGETED_DEVICE_FAMILY = "1,2";
				VALIDATE_PRODUCT = YES;
			};
			name = Release;
		};
		8CBA3E6D1D380117003BECCF /* Debug */ = {
			isa = XCBuildConfiguration;
			baseConfigurationReference = 6BDB67A7A3D8FE4A8B7999EA /* Pods-BrainTeaser.debug.xcconfig */;
			buildSettings = {
				ASSETCATALOG_COMPILER_APPICON_NAME = AppIcon;
				CLANG_ENABLE_MODULES = YES;
				INFOPLIST_FILE = BrainTeaser/Info.plist;
				LD_RUNPATH_SEARCH_PATHS = "$(inherited) @executable_path/Frameworks";
				PRODUCT_BUNDLE_IDENTIFIER = co.meghdad.BrainTeaser;
				PRODUCT_NAME = "$(TARGET_NAME)";
				SWIFT_OBJC_BRIDGING_HEADER = "BrainTeaser/BrainTeaser-Bridging-Header.h";
				SWIFT_OPTIMIZATION_LEVEL = "-Onone";
			};
			name = Debug;
		};
		8CBA3E6E1D380117003BECCF /* Release */ = {
			isa = XCBuildConfiguration;
			baseConfigurationReference = CEE975D946C990711FF6F64C /* Pods-BrainTeaser.release.xcconfig */;
			buildSettings = {
				ASSETCATALOG_COMPILER_APPICON_NAME = AppIcon;
				CLANG_ENABLE_MODULES = YES;
				INFOPLIST_FILE = BrainTeaser/Info.plist;
				LD_RUNPATH_SEARCH_PATHS = "$(inherited) @executable_path/Frameworks";
				PRODUCT_BUNDLE_IDENTIFIER = co.meghdad.BrainTeaser;
				PRODUCT_NAME = "$(TARGET_NAME)";
				SWIFT_OBJC_BRIDGING_HEADER = "BrainTeaser/BrainTeaser-Bridging-Header.h";
			};
			name = Release;
		};
/* End XCBuildConfiguration section */

/* Begin XCConfigurationList section */
		8CBA3E551D380117003BECCF /* Build configuration list for PBXProject "BrainTeaser" */ = {
			isa = XCConfigurationList;
			buildConfigurations = (
				8CBA3E6A1D380117003BECCF /* Debug */,
				8CBA3E6B1D380117003BECCF /* Release */,
			);
			defaultConfigurationIsVisible = 0;
			defaultConfigurationName = Release;
		};
		8CBA3E6C1D380117003BECCF /* Build configuration list for PBXNativeTarget "BrainTeaser" */ = {
			isa = XCConfigurationList;
			buildConfigurations = (
				8CBA3E6D1D380117003BECCF /* Debug */,
				8CBA3E6E1D380117003BECCF /* Release */,
			);
			defaultConfigurationIsVisible = 0;
			defaultConfigurationName = Release;
		};
/* End XCConfigurationList section */
	};
	rootObject = 8CBA3E521D380117003BECCF /* Project object */;
}
